
Microsoft Visual Studio Solution File, Format Version 12.00
# Visual Studio Version 17
VisualStudioVersion = 17.7.34031.279
MinimumVisualStudioVersion = 10.0.40219.1
Project("{FAE04EC0-301F-11D3-BF4B-00C04F79EFBC}") = "JScript-EventHandlers", "JScript-EventHandlers\JScript-EventHandlers.csproj", "{2CAB55D3-2A70-4448-96D2-043F35714E8B}"
EndProject
Global
	GlobalSection(SolutionConfigurationPlatforms) = preSolution
		Debug|Any CPU = Debug|Any CPU
		Release|Any CPU = Release|Any CPU
	EndGlobalSection
	GlobalSection(ProjectConfigurationPlatforms) = postSolution
		{2CAB55D3-2A70-4448-96D2-043F35714E8B}.Debug|Any CPU.ActiveCfg = Debug|Any CPU
		{2CAB55D3-2A70-4448-96D2-043F35714E8B}.Debug|Any CPU.Build.0 = Debug|Any CPU
		{2CAB55D3-2A70-4448-96D2-043F35714E8B}.Release|Any CPU.ActiveCfg = Release|Any CPU
		{2CAB55D3-2A70-4448-96D2-043F35714E8B}.Release|Any CPU.Build.0 = Release|Any CPU
	EndGlobalSection
	GlobalSection(SolutionProperties) = preSolution
		HideSolutionNode = FALSE
	EndGlobalSection
	GlobalSection(ExtensibilityGlobals) = postSolution
		SolutionGuid = {E31688BE-2602-4087-B1C6-DB3E1FF5FA35}
	EndGlobalSection
EndGlobal
